
Microsoft Visual Studio Solution File, Format Version 12.00
# Visual Studio 2013
VisualStudioVersion = 12.0.40629.0
MinimumVisualStudioVersion = 10.0.40219.1
Project("{8BC9CEB8-8B4A-11D0-8D11-00A0C91BC942}") = "去除多余的空格", "去除多余的空格\去除多余的空格.vcxproj", "{8F148CC1-FEDB-4F5F-BCA1-5E2958895BBF}"
EndProject
Global
	GlobalSection(SolutionConfigurationPlatforms) = preSolution
		Debug|Win32 = Debug|Win32
		Release|Win32 = Release|Win32
	EndGlobalSection
	GlobalSection(ProjectConfigurationPlatforms) = postSolution
		{8F148CC1-FEDB-4F5F-BCA1-5E2958895BBF}.Debug|Win32.ActiveCfg = Debug|Win32
		{8F148CC1-FEDB-4F5F-BCA1-5E2958895BBF}.Debug|Win32.Build.0 = Debug|Win32
		{8F148CC1-FEDB-4F5F-BCA1-5E2958895BBF}.Release|Win32.ActiveCfg = Release|Win32
		{8F148CC1-FEDB-4F5F-BCA1-5E2958895BBF}.Release|Win32.Build.0 = Release|Win32
	EndGlobalSection
	GlobalSection(SolutionProperties) = preSolution
		HideSolutionNode = FALSE
	EndGlobalSection
EndGlobal
