
Microsoft Visual Studio Solution File, Format Version 12.00
# Visual Studio 2013
VisualStudioVersion = 12.0.40629.0
MinimumVisualStudioVersion = 10.0.40219.1
Project("{8BC9CEB8-8B4A-11D0-8D11-00A0C91BC942}") = "2_十六进制转八进制", "2_十六进制转八进制\2_十六进制转八进制.vcxproj", "{2D2A0624-844B-4127-A2AB-6643EEB1E044}"
EndProject
Global
	GlobalSection(SolutionConfigurationPlatforms) = preSolution
		Debug|Win32 = Debug|Win32
		Release|Win32 = Release|Win32
	EndGlobalSection
	GlobalSection(ProjectConfigurationPlatforms) = postSolution
		{2D2A0624-844B-4127-A2AB-6643EEB1E044}.Debug|Win32.ActiveCfg = Debug|Win32
		{2D2A0624-844B-4127-A2AB-6643EEB1E044}.Debug|Win32.Build.0 = Debug|Win32
		{2D2A0624-844B-4127-A2AB-6643EEB1E044}.Release|Win32.ActiveCfg = Release|Win32
		{2D2A0624-844B-4127-A2AB-6643EEB1E044}.Release|Win32.Build.0 = Release|Win32
	EndGlobalSection
	GlobalSection(SolutionProperties) = preSolution
		HideSolutionNode = FALSE
	EndGlobalSection
EndGlobal
