
Microsoft Visual Studio Solution File, Format Version 12.00
# Visual Studio 2013
VisualStudioVersion = 12.0.40629.0
MinimumVisualStudioVersion = 10.0.40219.1
Project("{8BC9CEB8-8B4A-11D0-8D11-00A0C91BC942}") = "3. 编写函数reverse_string", "3. 编写函数reverse_string\3. 编写函数reverse_string.vcxproj", "{16E3C4BF-AA2C-4A95-8D36-2A57A9EA6E5B}"
EndProject
Global
	GlobalSection(SolutionConfigurationPlatforms) = preSolution
		Debug|Win32 = Debug|Win32
		Release|Win32 = Release|Win32
	EndGlobalSection
	GlobalSection(ProjectConfigurationPlatforms) = postSolution
		{16E3C4BF-AA2C-4A95-8D36-2A57A9EA6E5B}.Debug|Win32.ActiveCfg = Debug|Win32
		{16E3C4BF-AA2C-4A95-8D36-2A57A9EA6E5B}.Debug|Win32.Build.0 = Debug|Win32
		{16E3C4BF-AA2C-4A95-8D36-2A57A9EA6E5B}.Release|Win32.ActiveCfg = Release|Win32
		{16E3C4BF-AA2C-4A95-8D36-2A57A9EA6E5B}.Release|Win32.Build.0 = Release|Win32
	EndGlobalSection
	GlobalSection(SolutionProperties) = preSolution
		HideSolutionNode = FALSE
	EndGlobalSection
EndGlobal
